PODS:
  - Alamofire (5.0.0-beta.6)
  - Realm (3.15.0):
    - Realm/Headers (= 3.15.0)
  - Realm/Headers (3.15.0)
  - RealmSwift (3.15.0):
    - Realm (= 3.15.0)
  - SwiftKeychainWrapper (3.3.0)

DEPENDENCIES:
  - Alamofire (~> 5.0.0-beta.6)
  - RealmSwift (~> 3.15.0)
  - SwiftKeychainWrapper (~> 3.3.0)

SPEC REPOS:
  https://github.com/cocoapods/specs.git:
    - Alamofire
    - Realm
    - RealmSwift
    - SwiftKeychainWrapper

SPEC CHECKSUMS:
  Alamofire: cd08a4402bd12cacd0c66f23fb12fec8d6b965e4
  Realm: 9b834e1be6062f544805252c812348872dc5d4ed
  RealmSwift: 8a41886f8ab6efef9eb8df97de2f2bb911561a79
  SwiftKeychainWrapper: ef5ad793bc0e08e24a5913f28345b8f7bc8e4123

PODFILE CHECKSUM: 562edca4d196f81804bcd9fe13ff3fc4acb4178f

COCOAPODS: 1.6.1
